
Microsoft Visual Studio Solution File, Format Version 12.00
# Visual Studio Version 17
VisualStudioVersion = 17.11.35222.181
MinimumVisualStudioVersion = 10.0.40219.1
Project("{FAE04EC0-301F-11D3-BF4B-00C04F79EFBC}") = "Arv", "Arv\Arv.csproj", "{E12B4659-6145-42F2-89C2-8CB2DC7656F4}"
EndProject
Global
	GlobalSection(SolutionConfigurationPlatforms) = preSolution
		Debug|Any CPU = Debug|Any CPU
		Release|Any CPU = Release|Any CPU
	EndGlobalSection
	GlobalSection(ProjectConfigurationPlatforms) = postSolution
		{E12B4659-6145-42F2-89C2-8CB2DC7656F4}.Debug|Any CPU.ActiveCfg = Debug|Any CPU
		{E12B4659-6145-42F2-89C2-8CB2DC7656F4}.Debug|Any CPU.Build.0 = Debug|Any CPU
		{E12B4659-6145-42F2-89C2-8CB2DC7656F4}.Release|Any CPU.ActiveCfg = Release|Any CPU
		{E12B4659-6145-42F2-89C2-8CB2DC7656F4}.Release|Any CPU.Build.0 = Release|Any CPU
	EndGlobalSection
	GlobalSection(SolutionProperties) = preSolution
		HideSolutionNode = FALSE
	EndGlobalSection
	GlobalSection(ExtensibilityGlobals) = postSolution
		SolutionGuid = {E015695B-8577-4A0B-B839-AC5BE2DDA3FA}
	EndGlobalSection
EndGlobal
